
Microsoft Visual Studio Solution File, Format Version 12.00
# Visual Studio Version 17
VisualStudioVersion = 17.0.32126.317
MinimumVisualStudioVersion = 10.0.40219.1
Project("{9A19103F-16F7-4668-BE54-9A1E7A4F7556}") = "Exam", "Exam\Exam.csproj", "{272C6164-ED10-4783-A049-301374FC8083}"
EndProject
Project("{FAE04EC0-301F-11D3-BF4B-00C04F79EFBC}") = "Soap", "Soap\Soap.csproj", "{730A18E5-A122-4DAE-B664-40FC9C3DFBFA}"
EndProject
Project("{FAE04EC0-301F-11D3-BF4B-00C04F79EFBC}") = "ForSoap", "ForSoap\ForSoap.csproj", "{90E37BFA-1F03-4BA2-9912-FB305DBB239C}"
	ProjectSection(ProjectDependencies) = postProject
		{730A18E5-A122-4DAE-B664-40FC9C3DFBFA} = {730A18E5-A122-4DAE-B664-40FC9C3DFBFA}
	EndProjectSection
EndProject
Global
	GlobalSection(SolutionConfigurationPlatforms) = preSolution
		Debug|Any CPU = Debug|Any CPU
		Release|Any CPU = Release|Any CPU
	EndGlobalSection
	GlobalSection(ProjectConfigurationPlatforms) = postSolution
		{272C6164-ED10-4783-A049-301374FC8083}.Debug|Any CPU.ActiveCfg = Debug|Any CPU
		{272C6164-ED10-4783-A049-301374FC8083}.Debug|Any CPU.Build.0 = Debug|Any CPU
		{272C6164-ED10-4783-A049-301374FC8083}.Release|Any CPU.ActiveCfg = Release|Any CPU
		{272C6164-ED10-4783-A049-301374FC8083}.Release|Any CPU.Build.0 = Release|Any CPU
		{730A18E5-A122-4DAE-B664-40FC9C3DFBFA}.Debug|Any CPU.ActiveCfg = Debug|Any CPU
		{730A18E5-A122-4DAE-B664-40FC9C3DFBFA}.Debug|Any CPU.Build.0 = Debug|Any CPU
		{730A18E5-A122-4DAE-B664-40FC9C3DFBFA}.Release|Any CPU.ActiveCfg = Release|Any CPU
		{730A18E5-A122-4DAE-B664-40FC9C3DFBFA}.Release|Any CPU.Build.0 = Release|Any CPU
		{90E37BFA-1F03-4BA2-9912-FB305DBB239C}.Debug|Any CPU.ActiveCfg = Debug|Any CPU
		{90E37BFA-1F03-4BA2-9912-FB305DBB239C}.Debug|Any CPU.Build.0 = Debug|Any CPU
		{90E37BFA-1F03-4BA2-9912-FB305DBB239C}.Release|Any CPU.ActiveCfg = Release|Any CPU
		{90E37BFA-1F03-4BA2-9912-FB305DBB239C}.Release|Any CPU.Build.0 = Release|Any CPU
	EndGlobalSection
	GlobalSection(SolutionProperties) = preSolution
		HideSolutionNode = FALSE
	EndGlobalSection
	GlobalSection(ExtensibilityGlobals) = postSolution
		SolutionGuid = {FFDBAD2B-0273-43FC-B4BC-67B5B0CCCF31}
	EndGlobalSection
EndGlobal
